
Microsoft Visual Studio Solution File, Format Version 12.00
# Visual Studio 14
VisualStudioVersion = 14.0.23107.0
MinimumVisualStudioVersion = 10.0.40219.1
Project("{FAE04EC0-301F-11D3-BF4B-00C04F79EFBC}") = "Bootstrap.iOS", "Bootstrap\Bootstrap.iOS\Bootstrap.iOS.csproj", "{525A2255-F87A-4F1B-88D4-24A7BF56CBA8}"
EndProject
Project("{FAE04EC0-301F-11D3-BF4B-00C04F79EFBC}") = "Bootstrap.Droid", "Bootstrap\Bootstrap.Droid\Bootstrap.Droid.csproj", "{BB292DED-2B2A-4E94-9C19-845580B952A5}"
EndProject
Project("{FAE04EC0-301F-11D3-BF4B-00C04F79EFBC}") = "Bootstrap.WinPhone", "Bootstrap\Bootstrap.WinPhone\Bootstrap.WinPhone.csproj", "{CD9FCA81-C650-4651-941C-BAF8A9C8201D}"
EndProject
Project("{FAE04EC0-301F-11D3-BF4B-00C04F79EFBC}") = "Bootstrap.Core", "Bootstrap.Core\Bootstrap.Core.csproj", "{BE553BC7-2DCF-43C9-9A14-6D9273858BBB}"
EndProject
Project("{FAE04EC0-301F-11D3-BF4B-00C04F79EFBC}") = "Bootstrap.Business", "Bootstrap.Business\Bootstrap.Business.csproj", "{1420FC53-49A3-46C0-A32F-C7C08583923F}"
EndProject
Project("{FAE04EC0-301F-11D3-BF4B-00C04F79EFBC}") = "Bootstrap.REST", "Bootstrap.REST\Bootstrap.REST.csproj", "{FAB5E5BA-0F73-4C57-9E49-C4A96E3E1EC8}"
EndProject
Project("{FAE04EC0-301F-11D3-BF4B-00C04F79EFBC}") = "Bootstrap.XForms", "Bootstrap.XForms\Bootstrap.XForms.csproj", "{348398AF-5F97-4B3E-9C3A-D8EA61320244}"
EndProject
Project("{FAE04EC0-301F-11D3-BF4B-00C04F79EFBC}") = "Bootstrap.MVVM", "Bootstrap.MVVM\Bootstrap.MVVM.csproj", "{EB85BF15-82A3-4220-9A81-073E130BC45C}"
EndProject
Project("{FAE04EC0-301F-11D3-BF4B-00C04F79EFBC}") = "Bootstrap.Repository", "Bootstrap.Repository\Bootstrap.Repository.csproj", "{8F25D7B2-6231-41C2-9364-E69BED93AAD4}"
EndProject
Global
	GlobalSection(SolutionConfigurationPlatforms) = preSolution
		Ad-Hoc|Any CPU = Ad-Hoc|Any CPU
		Ad-Hoc|ARM = Ad-Hoc|ARM
		Ad-Hoc|iPhone = Ad-Hoc|iPhone
		Ad-Hoc|iPhoneSimulator = Ad-Hoc|iPhoneSimulator
		Ad-Hoc|x86 = Ad-Hoc|x86
		AppStore|Any CPU = AppStore|Any CPU
		AppStore|ARM = AppStore|ARM
		AppStore|iPhone = AppStore|iPhone
		AppStore|iPhoneSimulator = AppStore|iPhoneSimulator
		AppStore|x86 = AppStore|x86
		Debug|Any CPU = Debug|Any CPU
		Debug|ARM = Debug|ARM
		Debug|iPhone = Debug|iPhone
		Debug|iPhoneSimulator = Debug|iPhoneSimulator
		Debug|x86 = Debug|x86
		Release|Any CPU = Release|Any CPU
		Release|ARM = Release|ARM
		Release|iPhone = Release|iPhone
		Release|iPhoneSimulator = Release|iPhoneSimulator
		Release|x86 = Release|x86
	EndGlobalSection
	GlobalSection(ProjectConfigurationPlatforms) = postSolution
		{525A2255-F87A-4F1B-88D4-24A7BF56CBA8}.Ad-Hoc|Any CPU.ActiveCfg = Ad-Hoc|iPhone
		{525A2255-F87A-4F1B-88D4-24A7BF56CBA8}.Ad-Hoc|ARM.ActiveCfg = Ad-Hoc|iPhone
		{525A2255-F87A-4F1B-88D4-24A7BF56CBA8}.Ad-Hoc|iPhone.ActiveCfg = Ad-Hoc|iPhone
		{525A2255-F87A-4F1B-88D4-24A7BF56CBA8}.Ad-Hoc|iPhone.Build.0 = Ad-Hoc|iPhone
		{525A2255-F87A-4F1B-88D4-24A7BF56CBA8}.Ad-Hoc|iPhoneSimulator.ActiveCfg = Ad-Hoc|iPhoneSimulator
		{525A2255-F87A-4F1B-88D4-24A7BF56CBA8}.Ad-Hoc|iPhoneSimulator.Build.0 = Ad-Hoc|iPhoneSimulator
		{525A2255-F87A-4F1B-88D4-24A7BF56CBA8}.Ad-Hoc|x86.ActiveCfg = Ad-Hoc|iPhone
		{525A2255-F87A-4F1B-88D4-24A7BF56CBA8}.AppStore|Any CPU.ActiveCfg = AppStore|iPhone
		{525A2255-F87A-4F1B-88D4-24A7BF56CBA8}.AppStore|ARM.ActiveCfg = AppStore|iPhone
		{525A2255-F87A-4F1B-88D4-24A7BF56CBA8}.AppStore|iPhone.ActiveCfg = AppStore|iPhone
		{525A2255-F87A-4F1B-88D4-24A7BF56CBA8}.AppStore|iPhone.Build.0 = AppStore|iPhone
		{525A2255-F87A-4F1B-88D4-24A7BF56CBA8}.AppStore|iPhoneSimulator.ActiveCfg = AppStore|iPhoneSimulator
		{525A2255-F87A-4F1B-88D4-24A7BF56CBA8}.AppStore|iPhoneSimulator.Build.0 = AppStore|iPhoneSimulator
		{525A2255-F87A-4F1B-88D4-24A7BF56CBA8}.AppStore|x86.ActiveCfg = AppStore|iPhone
		{525A2255-F87A-4F1B-88D4-24A7BF56CBA8}.Debug|Any CPU.ActiveCfg = Debug|iPhone
		{525A2255-F87A-4F1B-88D4-24A7BF56CBA8}.Debug|ARM.ActiveCfg = Debug|iPhone
		{525A2255-F87A-4F1B-88D4-24A7BF56CBA8}.Debug|iPhone.ActiveCfg = Debug|iPhone
		{525A2255-F87A-4F1B-88D4-24A7BF56CBA8}.Debug|iPhone.Build.0 = Debug|iPhone
		{525A2255-F87A-4F1B-88D4-24A7BF56CBA8}.Debug|iPhoneSimulator.ActiveCfg = Debug|iPhoneSimulator
		{525A2255-F87A-4F1B-88D4-24A7BF56CBA8}.Debug|iPhoneSimulator.Build.0 = Debug|iPhoneSimulator
		{525A2255-F87A-4F1B-88D4-24A7BF56CBA8}.Debug|x86.ActiveCfg = Debug|iPhone
		{525A2255-F87A-4F1B-88D4-24A7BF56CBA8}.Release|Any CPU.ActiveCfg = Release|iPhone
		{525A2255-F87A-4F1B-88D4-24A7BF56CBA8}.Release|ARM.ActiveCfg = Release|iPhone
		{525A2255-F87A-4F1B-88D4-24A7BF56CBA8}.Release|iPhone.ActiveCfg = Release|iPhone
		{525A2255-F87A-4F1B-88D4-24A7BF56CBA8}.Release|iPhone.Build.0 = Release|iPhone
		{525A2255-F87A-4F1B-88D4-24A7BF56CBA8}.Release|iPhoneSimulator.ActiveCfg = Release|iPhoneSimulator
		{525A2255-F87A-4F1B-88D4-24A7BF56CBA8}.Release|iPhoneSimulator.Build.0 = Release|iPhoneSimulator
		{525A2255-F87A-4F1B-88D4-24A7BF56CBA8}.Release|x86.ActiveCfg = Release|iPhone
		{BB292DED-2B2A-4E94-9C19-845580B952A5}.Ad-Hoc|Any CPU.ActiveCfg = Release|Any CPU
		{BB292DED-2B2A-4E94-9C19-845580B952A5}.Ad-Hoc|Any CPU.Build.0 = Release|Any CPU
		{BB292DED-2B2A-4E94-9C19-845580B952A5}.Ad-Hoc|Any CPU.Deploy.0 = Release|Any CPU
		{BB292DED-2B2A-4E94-9C19-845580B952A5}.Ad-Hoc|ARM.ActiveCfg = Release|Any CPU
		{BB292DED-2B2A-4E94-9C19-845580B952A5}.Ad-Hoc|ARM.Build.0 = Release|Any CPU
		{BB292DED-2B2A-4E94-9C19-845580B952A5}.Ad-Hoc|ARM.Deploy.0 = Release|Any CPU
		{BB292DED-2B2A-4E94-9C19-845580B952A5}.Ad-Hoc|iPhone.ActiveCfg = Release|Any CPU
		{BB292DED-2B2A-4E94-9C19-845580B952A5}.Ad-Hoc|iPhone.Build.0 = Release|Any CPU
		{BB292DED-2B2A-4E94-9C19-845580B952A5}.Ad-Hoc|iPhone.Deploy.0 = Release|Any CPU
		{BB292DED-2B2A-4E94-9C19-845580B952A5}.Ad-Hoc|iPhoneSimulator.ActiveCfg = Release|Any CPU
		{BB292DED-2B2A-4E94-9C19-845580B952A5}.Ad-Hoc|iPhoneSimulator.Build.0 = Release|Any CPU
		{BB292DED-2B2A-4E94-9C19-845580B952A5}.Ad-Hoc|iPhoneSimulator.Deploy.0 = Release|Any CPU
		{BB292DED-2B2A-4E94-9C19-845580B952A5}.Ad-Hoc|x86.ActiveCfg = Release|Any CPU
		{BB292DED-2B2A-4E94-9C19-845580B952A5}.Ad-Hoc|x86.Build.0 = Release|Any CPU
		{BB292DED-2B2A-4E94-9C19-845580B952A5}.Ad-Hoc|x86.Deploy.0 = Release|Any CPU
		{BB292DED-2B2A-4E94-9C19-845580B952A5}.AppStore|Any CPU.ActiveCfg = Release|Any CPU
		{BB292DED-2B2A-4E94-9C19-845580B952A5}.AppStore|Any CPU.Build.0 = Release|Any CPU
		{BB292DED-2B2A-4E94-9C19-845580B952A5}.AppStore|Any CPU.Deploy.0 = Release|Any CPU
		{BB292DED-2B2A-4E94-9C19-845580B952A5}.AppStore|ARM.ActiveCfg = Release|Any CPU
		{BB292DED-2B2A-4E94-9C19-845580B952A5}.AppStore|ARM.Build.0 = Release|Any CPU
		{BB292DED-2B2A-4E94-9C19-845580B952A5}.AppStore|ARM.Deploy.0 = Release|Any CPU
		{BB292DED-2B2A-4E94-9C19-845580B952A5}.AppStore|iPhone.ActiveCfg = Release|Any CPU
		{BB292DED-2B2A-4E94-9C19-845580B952A5}.AppStore|iPhone.Build.0 = Release|Any CPU
		{BB292DED-2B2A-4E94-9C19-845580B952A5}.AppStore|iPhone.Deploy.0 = Release|Any CPU
		{BB292DED-2B2A-4E94-9C19-845580B952A5}.AppStore|iPhoneSimulator.ActiveCfg = Release|Any CPU
		{BB292DED-2B2A-4E94-9C19-845580B952A5}.AppStore|iPhoneSimulator.Build.0 = Release|Any CPU
		{BB292DED-2B2A-4E94-9C19-845580B952A5}.AppStore|iPhoneSimulator.Deploy.0 = Release|Any CPU
		{BB292DED-2B2A-4E94-9C19-845580B952A5}.AppStore|x86.ActiveCfg = Release|Any CPU
		{BB292DED-2B2A-4E94-9C19-845580B952A5}.AppStore|x86.Build.0 = Release|Any CPU
		{BB292DED-2B2A-4E94-9C19-845580B952A5}.AppStore|x86.Deploy.0 = Release|Any CPU
		{BB292DED-2B2A-4E94-9C19-845580B952A5}.Debug|Any CPU.ActiveCfg = Debug|Any CPU
		{BB292DED-2B2A-4E94-9C19-845580B952A5}.Debug|Any CPU.Build.0 = Debug|Any CPU
		{BB292DED-2B2A-4E94-9C19-845580B952A5}.Debug|Any CPU.Deploy.0 = Debug|Any CPU
		{BB292DED-2B2A-4E94-9C19-845580B952A5}.Debug|ARM.ActiveCfg = Debug|Any CPU
		{BB292DED-2B2A-4E94-9C19-845580B952A5}.Debug|ARM.Build.0 = Debug|Any CPU
		{BB292DED-2B2A-4E94-9C19-845580B952A5}.Debug|ARM.Deploy.0 = Debug|Any CPU
		{BB292DED-2B2A-4E94-9C19-845580B952A5}.Debug|iPhone.ActiveCfg = Debug|Any CPU
		{BB292DED-2B2A-4E94-9C19-845580B952A5}.Debug|iPhone.Build.0 = Debug|Any CPU
		{BB292DED-2B2A-4E94-9C19-845580B952A5}.Debug|iPhone.Deploy.0 = Debug|Any CPU
		{BB292DED-2B2A-4E94-9C19-845580B952A5}.Debug|iPhoneSimulator.ActiveCfg = Debug|Any CPU
		{BB292DED-2B2A-4E94-9C19-845580B952A5}.Debug|iPhoneSimulator.Build.0 = Debug|Any CPU
		{BB292DED-2B2A-4E94-9C19-845580B952A5}.Debug|iPhoneSimulator.Deploy.0 = Debug|Any CPU
		{BB292DED-2B2A-4E94-9C19-845580B952A5}.Debug|x86.ActiveCfg = Debug|Any CPU
		{BB292DED-2B2A-4E94-9C19-845580B952A5}.Debug|x86.Build.0 = Debug|Any CPU
		{BB292DED-2B2A-4E94-9C19-845580B952A5}.Debug|x86.Deploy.0 = Debug|Any CPU
		{BB292DED-2B2A-4E94-9C19-845580B952A5}.Release|Any CPU.ActiveCfg = Release|Any CPU
		{BB292DED-2B2A-4E94-9C19-845580B952A5}.Release|Any CPU.Build.0 = Release|Any CPU
		{BB292DED-2B2A-4E94-9C19-845580B952A5}.Release|Any CPU.Deploy.0 = Release|Any CPU
		{BB292DED-2B2A-4E94-9C19-845580B952A5}.Release|ARM.ActiveCfg = Release|Any CPU
		{BB292DED-2B2A-4E94-9C19-845580B952A5}.Release|ARM.Build.0 = Release|Any CPU
		{BB292DED-2B2A-4E94-9C19-845580B952A5}.Release|ARM.Deploy.0 = Release|Any CPU
		{BB292DED-2B2A-4E94-9C19-845580B952A5}.Release|iPhone.ActiveCfg = Release|Any CPU
		{BB292DED-2B2A-4E94-9C19-845580B952A5}.Release|iPhone.Build.0 = Release|Any CPU
		{BB292DED-2B2A-4E94-9C19-845580B952A5}.Release|iPhone.Deploy.0 = Release|Any CPU
		{BB292DED-2B2A-4E94-9C19-845580B952A5}.Release|iPhoneSimulator.ActiveCfg = Release|Any CPU
		{BB292DED-2B2A-4E94-9C19-845580B952A5}.Release|iPhoneSimulator.Build.0 = Release|Any CPU
		{BB292DED-2B2A-4E94-9C19-845580B952A5}.Release|iPhoneSimulator.Deploy.0 = Release|Any CPU
		{BB292DED-2B2A-4E94-9C19-845580B952A5}.Release|x86.ActiveCfg = Release|Any CPU
		{BB292DED-2B2A-4E94-9C19-845580B952A5}.Release|x86.Build.0 = Release|Any CPU
		{BB292DED-2B2A-4E94-9C19-845580B952A5}.Release|x86.Deploy.0 = Release|Any CPU
		{CD9FCA81-C650-4651-941C-BAF8A9C8201D}.Ad-Hoc|Any CPU.ActiveCfg = Release|Any CPU
		{CD9FCA81-C650-4651-941C-BAF8A9C8201D}.Ad-Hoc|Any CPU.Build.0 = Release|Any CPU
		{CD9FCA81-C650-4651-941C-BAF8A9C8201D}.Ad-Hoc|Any CPU.Deploy.0 = Release|Any CPU
		{CD9FCA81-C650-4651-941C-BAF8A9C8201D}.Ad-Hoc|ARM.ActiveCfg = Release|ARM
		{CD9FCA81-C650-4651-941C-BAF8A9C8201D}.Ad-Hoc|ARM.Build.0 = Release|ARM
		{CD9FCA81-C650-4651-941C-BAF8A9C8201D}.Ad-Hoc|ARM.Deploy.0 = Release|ARM
		{CD9FCA81-C650-4651-941C-BAF8A9C8201D}.Ad-Hoc|iPhone.ActiveCfg = Release|Any CPU
		{CD9FCA81-C650-4651-941C-BAF8A9C8201D}.Ad-Hoc|iPhone.Build.0 = Release|Any CPU
		{CD9FCA81-C650-4651-941C-BAF8A9C8201D}.Ad-Hoc|iPhone.Deploy.0 = Release|Any CPU
		{CD9FCA81-C650-4651-941C-BAF8A9C8201D}.Ad-Hoc|iPhoneSimulator.ActiveCfg = Release|Any CPU
		{CD9FCA81-C650-4651-941C-BAF8A9C8201D}.Ad-Hoc|iPhoneSimulator.Build.0 = Release|Any CPU
		{CD9FCA81-C650-4651-941C-BAF8A9C8201D}.Ad-Hoc|iPhoneSimulator.Deploy.0 = Release|Any CPU
		{CD9FCA81-C650-4651-941C-BAF8A9C8201D}.Ad-Hoc|x86.ActiveCfg = Release|x86
		{CD9FCA81-C650-4651-941C-BAF8A9C8201D}.Ad-Hoc|x86.Build.0 = Release|x86
		{CD9FCA81-C650-4651-941C-BAF8A9C8201D}.Ad-Hoc|x86.Deploy.0 = Release|x86
		{CD9FCA81-C650-4651-941C-BAF8A9C8201D}.AppStore|Any CPU.ActiveCfg = Release|Any CPU
		{CD9FCA81-C650-4651-941C-BAF8A9C8201D}.AppStore|Any CPU.Build.0 = Release|Any CPU
		{CD9FCA81-C650-4651-941C-BAF8A9C8201D}.AppStore|Any CPU.Deploy.0 = Release|Any CPU
		{CD9FCA81-C650-4651-941C-BAF8A9C8201D}.AppStore|ARM.ActiveCfg = Release|ARM
		{CD9FCA81-C650-4651-941C-BAF8A9C8201D}.AppStore|ARM.Build.0 = Release|ARM
		{CD9FCA81-C650-4651-941C-BAF8A9C8201D}.AppStore|ARM.Deploy.0 = Release|ARM
		{CD9FCA81-C650-4651-941C-BAF8A9C8201D}.AppStore|iPhone.ActiveCfg = Release|Any CPU
		{CD9FCA81-C650-4651-941C-BAF8A9C8201D}.AppStore|iPhone.Build.0 = Release|Any CPU
		{CD9FCA81-C650-4651-941C-BAF8A9C8201D}.AppStore|iPhone.Deploy.0 = Release|Any CPU
		{CD9FCA81-C650-4651-941C-BAF8A9C8201D}.AppStore|iPhoneSimulator.ActiveCfg = Release|Any CPU
		{CD9FCA81-C650-4651-941C-BAF8A9C8201D}.AppStore|iPhoneSimulator.Build.0 = Release|Any CPU
		{CD9FCA81-C650-4651-941C-BAF8A9C8201D}.AppStore|iPhoneSimulator.Deploy.0 = Release|Any CPU
		{CD9FCA81-C650-4651-941C-BAF8A9C8201D}.AppStore|x86.ActiveCfg = Release|x86
		{CD9FCA81-C650-4651-941C-BAF8A9C8201D}.AppStore|x86.Build.0 = Release|x86
		{CD9FCA81-C650-4651-941C-BAF8A9C8201D}.AppStore|x86.Deploy.0 = Release|x86
		{CD9FCA81-C650-4651-941C-BAF8A9C8201D}.Debug|Any CPU.ActiveCfg = Debug|Any CPU
		{CD9FCA81-C650-4651-941C-BAF8A9C8201D}.Debug|Any CPU.Build.0 = Debug|Any CPU
		{CD9FCA81-C650-4651-941C-BAF8A9C8201D}.Debug|Any CPU.Deploy.0 = Debug|Any CPU
		{CD9FCA81-C650-4651-941C-BAF8A9C8201D}.Debug|ARM.ActiveCfg = Debug|ARM
		{CD9FCA81-C650-4651-941C-BAF8A9C8201D}.Debug|ARM.Build.0 = Debug|ARM
		{CD9FCA81-C650-4651-941C-BAF8A9C8201D}.Debug|ARM.Deploy.0 = Debug|ARM
		{CD9FCA81-C650-4651-941C-BAF8A9C8201D}.Debug|iPhone.ActiveCfg = Debug|Any CPU
		{CD9FCA81-C650-4651-941C-BAF8A9C8201D}.Debug|iPhone.Build.0 = Debug|Any CPU
		{CD9FCA81-C650-4651-941C-BAF8A9C8201D}.Debug|iPhone.Deploy.0 = Debug|Any CPU
		{CD9FCA81-C650-4651-941C-BAF8A9C8201D}.Debug|iPhoneSimulator.ActiveCfg = Debug|Any CPU
		{CD9FCA81-C650-4651-941C-BAF8A9C8201D}.Debug|iPhoneSimulator.Build.0 = Debug|Any CPU
		{CD9FCA81-C650-4651-941C-BAF8A9C8201D}.Debug|iPhoneSimulator.Deploy.0 = Debug|Any CPU
		{CD9FCA81-C650-4651-941C-BAF8A9C8201D}.Debug|x86.ActiveCfg = Debug|x86
		{CD9FCA81-C650-4651-941C-BAF8A9C8201D}.Debug|x86.Build.0 = Debug|x86
		{CD9FCA81-C650-4651-941C-BAF8A9C8201D}.Debug|x86.Deploy.0 = Debug|x86
		{CD9FCA81-C650-4651-941C-BAF8A9C8201D}.Release|Any CPU.ActiveCfg = Release|Any CPU
		{CD9FCA81-C650-4651-941C-BAF8A9C8201D}.Release|Any CPU.Build.0 = Release|Any CPU
		{CD9FCA81-C650-4651-941C-BAF8A9C8201D}.Release|Any CPU.Deploy.0 = Release|Any CPU
		{CD9FCA81-C650-4651-941C-BAF8A9C8201D}.Release|ARM.ActiveCfg = Release|ARM
		{CD9FCA81-C650-4651-941C-BAF8A9C8201D}.Release|ARM.Build.0 = Release|ARM
		{CD9FCA81-C650-4651-941C-BAF8A9C8201D}.Release|ARM.Deploy.0 = Release|ARM
		{CD9FCA81-C650-4651-941C-BAF8A9C8201D}.Release|iPhone.ActiveCfg = Release|Any CPU
		{CD9FCA81-C650-4651-941C-BAF8A9C8201D}.Release|iPhone.Build.0 = Release|Any CPU
		{CD9FCA81-C650-4651-941C-BAF8A9C8201D}.Release|iPhone.Deploy.0 = Release|Any CPU
		{CD9FCA81-C650-4651-941C-BAF8A9C8201D}.Release|iPhoneSimulator.ActiveCfg = Release|Any CPU
		{CD9FCA81-C650-4651-941C-BAF8A9C8201D}.Release|iPhoneSimulator.Build.0 = Release|Any CPU
		{CD9FCA81-C650-4651-941C-BAF8A9C8201D}.Release|iPhoneSimulator.Deploy.0 = Release|Any CPU
		{CD9FCA81-C650-4651-941C-BAF8A9C8201D}.Release|x86.ActiveCfg = Release|x86
		{CD9FCA81-C650-4651-941C-BAF8A9C8201D}.Release|x86.Build.0 = Release|x86
		{CD9FCA81-C650-4651-941C-BAF8A9C8201D}.Release|x86.Deploy.0 = Release|x86
		{BE553BC7-2DCF-43C9-9A14-6D9273858BBB}.Ad-Hoc|Any CPU.ActiveCfg = Release|Any CPU
		{BE553BC7-2DCF-43C9-9A14-6D9273858BBB}.Ad-Hoc|Any CPU.Build.0 = Release|Any CPU
		{BE553BC7-2DCF-43C9-9A14-6D9273858BBB}.Ad-Hoc|ARM.ActiveCfg = Release|Any CPU
		{BE553BC7-2DCF-43C9-9A14-6D9273858BBB}.Ad-Hoc|ARM.Build.0 = Release|Any CPU
		{BE553BC7-2DCF-43C9-9A14-6D9273858BBB}.Ad-Hoc|iPhone.ActiveCfg = Release|Any CPU
		{BE553BC7-2DCF-43C9-9A14-6D9273858BBB}.Ad-Hoc|iPhone.Build.0 = Release|Any CPU
		{BE553BC7-2DCF-43C9-9A14-6D9273858BBB}.Ad-Hoc|iPhoneSimulator.ActiveCfg = Release|Any CPU
		{BE553BC7-2DCF-43C9-9A14-6D9273858BBB}.Ad-Hoc|iPhoneSimulator.Build.0 = Release|Any CPU
		{BE553BC7-2DCF-43C9-9A14-6D9273858BBB}.Ad-Hoc|x86.ActiveCfg = Release|Any CPU
		{BE553BC7-2DCF-43C9-9A14-6D9273858BBB}.Ad-Hoc|x86.Build.0 = Release|Any CPU
		{BE553BC7-2DCF-43C9-9A14-6D9273858BBB}.AppStore|Any CPU.ActiveCfg = Release|Any CPU
		{BE553BC7-2DCF-43C9-9A14-6D9273858BBB}.AppStore|Any CPU.Build.0 = Release|Any CPU
		{BE553BC7-2DCF-43C9-9A14-6D9273858BBB}.AppStore|ARM.ActiveCfg = Release|Any CPU
		{BE553BC7-2DCF-43C9-9A14-6D9273858BBB}.AppStore|ARM.Build.0 = Release|Any CPU
		{BE553BC7-2DCF-43C9-9A14-6D9273858BBB}.AppStore|iPhone.ActiveCfg = Release|Any CPU
		{BE553BC7-2DCF-43C9-9A14-6D9273858BBB}.AppStore|iPhone.Build.0 = Release|Any CPU
		{BE553BC7-2DCF-43C9-9A14-6D9273858BBB}.AppStore|iPhoneSimulator.ActiveCfg = Release|Any CPU
		{BE553BC7-2DCF-43C9-9A14-6D9273858BBB}.AppStore|iPhoneSimulator.Build.0 = Release|Any CPU
		{BE553BC7-2DCF-43C9-9A14-6D9273858BBB}.AppStore|x86.ActiveCfg = Release|Any CPU
		{BE553BC7-2DCF-43C9-9A14-6D9273858BBB}.AppStore|x86.Build.0 = Release|Any CPU
		{BE553BC7-2DCF-43C9-9A14-6D9273858BBB}.Debug|Any CPU.ActiveCfg = Debug|Any CPU
		{BE553BC7-2DCF-43C9-9A14-6D9273858BBB}.Debug|Any CPU.Build.0 = Debug|Any CPU
		{BE553BC7-2DCF-43C9-9A14-6D9273858BBB}.Debug|ARM.ActiveCfg = Debug|Any CPU
		{BE553BC7-2DCF-43C9-9A14-6D9273858BBB}.Debug|ARM.Build.0 = Debug|Any CPU
		{BE553BC7-2DCF-43C9-9A14-6D9273858BBB}.Debug|iPhone.ActiveCfg = Debug|Any CPU
		{BE553BC7-2DCF-43C9-9A14-6D9273858BBB}.Debug|iPhone.Build.0 = Debug|Any CPU
		{BE553BC7-2DCF-43C9-9A14-6D9273858BBB}.Debug|iPhoneSimulator.ActiveCfg = Debug|Any CPU
		{BE553BC7-2DCF-43C9-9A14-6D9273858BBB}.Debug|iPhoneSimulator.Build.0 = Debug|Any CPU
		{BE553BC7-2DCF-43C9-9A14-6D9273858BBB}.Debug|x86.ActiveCfg = Debug|Any CPU
		{BE553BC7-2DCF-43C9-9A14-6D9273858BBB}.Debug|x86.Build.0 = Debug|Any CPU
		{BE553BC7-2DCF-43C9-9A14-6D9273858BBB}.Release|Any CPU.ActiveCfg = Release|Any CPU
		{BE553BC7-2DCF-43C9-9A14-6D9273858BBB}.Release|Any CPU.Build.0 = Release|Any CPU
		{BE553BC7-2DCF-43C9-9A14-6D9273858BBB}.Release|ARM.ActiveCfg = Release|Any CPU
		{BE553BC7-2DCF-43C9-9A14-6D9273858BBB}.Release|ARM.Build.0 = Release|Any CPU
		{BE553BC7-2DCF-43C9-9A14-6D9273858BBB}.Release|iPhone.ActiveCfg = Release|Any CPU
		{BE553BC7-2DCF-43C9-9A14-6D9273858BBB}.Release|iPhone.Build.0 = Release|Any CPU
		{BE553BC7-2DCF-43C9-9A14-6D9273858BBB}.Release|iPhoneSimulator.ActiveCfg = Release|Any CPU
		{BE553BC7-2DCF-43C9-9A14-6D9273858BBB}.Release|iPhoneSimulator.Build.0 = Release|Any CPU
		{BE553BC7-2DCF-43C9-9A14-6D9273858BBB}.Release|x86.ActiveCfg = Release|Any CPU
		{BE553BC7-2DCF-43C9-9A14-6D9273858BBB}.Release|x86.Build.0 = Release|Any CPU
		{1420FC53-49A3-46C0-A32F-C7C08583923F}.Ad-Hoc|Any CPU.ActiveCfg = Release|Any CPU
		{1420FC53-49A3-46C0-A32F-C7C08583923F}.Ad-Hoc|Any CPU.Build.0 = Release|Any CPU
		{1420FC53-49A3-46C0-A32F-C7C08583923F}.Ad-Hoc|ARM.ActiveCfg = Release|Any CPU
		{1420FC53-49A3-46C0-A32F-C7C08583923F}.Ad-Hoc|ARM.Build.0 = Release|Any CPU
		{1420FC53-49A3-46C0-A32F-C7C08583923F}.Ad-Hoc|iPhone.ActiveCfg = Release|Any CPU
		{1420FC53-49A3-46C0-A32F-C7C08583923F}.Ad-Hoc|iPhone.Build.0 = Release|Any CPU
		{1420FC53-49A3-46C0-A32F-C7C08583923F}.Ad-Hoc|iPhoneSimulator.ActiveCfg = Release|Any CPU
		{1420FC53-49A3-46C0-A32F-C7C08583923F}.Ad-Hoc|iPhoneSimulator.Build.0 = Release|Any CPU
		{1420FC53-49A3-46C0-A32F-C7C08583923F}.Ad-Hoc|x86.ActiveCfg = Release|Any CPU
		{1420FC53-49A3-46C0-A32F-C7C08583923F}.Ad-Hoc|x86.Build.0 = Release|Any CPU
		{1420FC53-49A3-46C0-A32F-C7C08583923F}.AppStore|Any CPU.ActiveCfg = Release|Any CPU
		{1420FC53-49A3-46C0-A32F-C7C08583923F}.AppStore|Any CPU.Build.0 = Release|Any CPU
		{1420FC53-49A3-46C0-A32F-C7C08583923F}.AppStore|ARM.ActiveCfg = Release|Any CPU
		{1420FC53-49A3-46C0-A32F-C7C08583923F}.AppStore|ARM.Build.0 = Release|Any CPU
		{1420FC53-49A3-46C0-A32F-C7C08583923F}.AppStore|iPhone.ActiveCfg = Release|Any CPU
		{1420FC53-49A3-46C0-A32F-C7C08583923F}.AppStore|iPhone.Build.0 = Release|Any CPU
		{1420FC53-49A3-46C0-A32F-C7C08583923F}.AppStore|iPhoneSimulator.ActiveCfg = Release|Any CPU
		{1420FC53-49A3-46C0-A32F-C7C08583923F}.AppStore|iPhoneSimulator.Build.0 = Release|Any CPU
		{1420FC53-49A3-46C0-A32F-C7C08583923F}.AppStore|x86.ActiveCfg = Release|Any CPU
		{1420FC53-49A3-46C0-A32F-C7C08583923F}.AppStore|x86.Build.0 = Release|Any CPU
		{1420FC53-49A3-46C0-A32F-C7C08583923F}.Debug|Any CPU.ActiveCfg = Debug|Any CPU
		{1420FC53-49A3-46C0-A32F-C7C08583923F}.Debug|Any CPU.Build.0 = Debug|Any CPU
		{1420FC53-49A3-46C0-A32F-C7C08583923F}.Debug|ARM.ActiveCfg = Debug|Any CPU
		{1420FC53-49A3-46C0-A32F-C7C08583923F}.Debug|ARM.Build.0 = Debug|Any CPU
		{1420FC53-49A3-46C0-A32F-C7C08583923F}.Debug|iPhone.ActiveCfg = Debug|Any CPU
		{1420FC53-49A3-46C0-A32F-C7C08583923F}.Debug|iPhone.Build.0 = Debug|Any CPU
		{1420FC53-49A3-46C0-A32F-C7C08583923F}.Debug|iPhoneSimulator.ActiveCfg = Debug|Any CPU
		{1420FC53-49A3-46C0-A32F-C7C08583923F}.Debug|iPhoneSimulator.Build.0 = Debug|Any CPU
		{1420FC53-49A3-46C0-A32F-C7C08583923F}.Debug|x86.ActiveCfg = Debug|Any CPU
		{1420FC53-49A3-46C0-A32F-C7C08583923F}.Debug|x86.Build.0 = Debug|Any CPU
		{1420FC53-49A3-46C0-A32F-C7C08583923F}.Release|Any CPU.ActiveCfg = Release|Any CPU
		{1420FC53-49A3-46C0-A32F-C7C08583923F}.Release|Any CPU.Build.0 = Release|Any CPU
		{1420FC53-49A3-46C0-A32F-C7C08583923F}.Release|ARM.ActiveCfg = Release|Any CPU
		{1420FC53-49A3-46C0-A32F-C7C08583923F}.Release|ARM.Build.0 = Release|Any CPU
		{1420FC53-49A3-46C0-A32F-C7C08583923F}.Release|iPhone.ActiveCfg = Release|Any CPU
		{1420FC53-49A3-46C0-A32F-C7C08583923F}.Release|iPhone.Build.0 = Release|Any CPU
		{1420FC53-49A3-46C0-A32F-C7C08583923F}.Release|iPhoneSimulator.ActiveCfg = Release|Any CPU
		{1420FC53-49A3-46C0-A32F-C7C08583923F}.Release|iPhoneSimulator.Build.0 = Release|Any CPU
		{1420FC53-49A3-46C0-A32F-C7C08583923F}.Release|x86.ActiveCfg = Release|Any CPU
		{1420FC53-49A3-46C0-A32F-C7C08583923F}.Release|x86.Build.0 = Release|Any CPU
		{FAB5E5BA-0F73-4C57-9E49-C4A96E3E1EC8}.Ad-Hoc|Any CPU.ActiveCfg = Release|Any CPU
		{FAB5E5BA-0F73-4C57-9E49-C4A96E3E1EC8}.Ad-Hoc|Any CPU.Build.0 = Release|Any CPU
		{FAB5E5BA-0F73-4C57-9E49-C4A96E3E1EC8}.Ad-Hoc|ARM.ActiveCfg = Release|Any CPU
		{FAB5E5BA-0F73-4C57-9E49-C4A96E3E1EC8}.Ad-Hoc|ARM.Build.0 = Release|Any CPU
		{FAB5E5BA-0F73-4C57-9E49-C4A96E3E1EC8}.Ad-Hoc|iPhone.ActiveCfg = Release|Any CPU
		{FAB5E5BA-0F73-4C57-9E49-C4A96E3E1EC8}.Ad-Hoc|iPhone.Build.0 = Release|Any CPU
		{FAB5E5BA-0F73-4C57-9E49-C4A96E3E1EC8}.Ad-Hoc|iPhoneSimulator.ActiveCfg = Release|Any CPU
		{FAB5E5BA-0F73-4C57-9E49-C4A96E3E1EC8}.Ad-Hoc|iPhoneSimulator.Build.0 = Release|Any CPU
		{FAB5E5BA-0F73-4C57-9E49-C4A96E3E1EC8}.Ad-Hoc|x86.ActiveCfg = Release|Any CPU
		{FAB5E5BA-0F73-4C57-9E49-C4A96E3E1EC8}.Ad-Hoc|x86.Build.0 = Release|Any CPU
		{FAB5E5BA-0F73-4C57-9E49-C4A96E3E1EC8}.AppStore|Any CPU.ActiveCfg = Release|Any CPU
		{FAB5E5BA-0F73-4C57-9E49-C4A96E3E1EC8}.AppStore|Any CPU.Build.0 = Release|Any CPU
		{FAB5E5BA-0F73-4C57-9E49-C4A96E3E1EC8}.AppStore|ARM.ActiveCfg = Release|Any CPU
		{FAB5E5BA-0F73-4C57-9E49-C4A96E3E1EC8}.AppStore|ARM.Build.0 = Release|Any CPU
		{FAB5E5BA-0F73-4C57-9E49-C4A96E3E1EC8}.AppStore|iPhone.ActiveCfg = Release|Any CPU
		{FAB5E5BA-0F73-4C57-9E49-C4A96E3E1EC8}.AppStore|iPhone.Build.0 = Release|Any CPU
		{FAB5E5BA-0F73-4C57-9E49-C4A96E3E1EC8}.AppStore|iPhoneSimulator.ActiveCfg = Release|Any CPU
		{FAB5E5BA-0F73-4C57-9E49-C4A96E3E1EC8}.AppStore|iPhoneSimulator.Build.0 = Release|Any CPU
		{FAB5E5BA-0F73-4C57-9E49-C4A96E3E1EC8}.AppStore|x86.ActiveCfg = Release|Any CPU
		{FAB5E5BA-0F73-4C57-9E49-C4A96E3E1EC8}.AppStore|x86.Build.0 = Release|Any CPU
		{FAB5E5BA-0F73-4C57-9E49-C4A96E3E1EC8}.Debug|Any CPU.ActiveCfg = Debug|Any CPU
		{FAB5E5BA-0F73-4C57-9E49-C4A96E3E1EC8}.Debug|Any CPU.Build.0 = Debug|Any CPU
		{FAB5E5BA-0F73-4C57-9E49-C4A96E3E1EC8}.Debug|ARM.ActiveCfg = Debug|Any CPU
		{FAB5E5BA-0F73-4C57-9E49-C4A96E3E1EC8}.Debug|ARM.Build.0 = Debug|Any CPU
		{FAB5E5BA-0F73-4C57-9E49-C4A96E3E1EC8}.Debug|iPhone.ActiveCfg = Debug|Any CPU
		{FAB5E5BA-0F73-4C57-9E49-C4A96E3E1EC8}.Debug|iPhone.Build.0 = Debug|Any CPU
		{FAB5E5BA-0F73-4C57-9E49-C4A96E3E1EC8}.Debug|iPhoneSimulator.ActiveCfg = Debug|Any CPU
		{FAB5E5BA-0F73-4C57-9E49-C4A96E3E1EC8}.Debug|iPhoneSimulator.Build.0 = Debug|Any CPU
		{FAB5E5BA-0F73-4C57-9E49-C4A96E3E1EC8}.Debug|x86.ActiveCfg = Debug|Any CPU
		{FAB5E5BA-0F73-4C57-9E49-C4A96E3E1EC8}.Debug|x86.Build.0 = Debug|Any CPU
		{FAB5E5BA-0F73-4C57-9E49-C4A96E3E1EC8}.Release|Any CPU.ActiveCfg = Release|Any CPU
		{FAB5E5BA-0F73-4C57-9E49-C4A96E3E1EC8}.Release|Any CPU.Build.0 = Release|Any CPU
		{FAB5E5BA-0F73-4C57-9E49-C4A96E3E1EC8}.Release|ARM.ActiveCfg = Release|Any CPU
		{FAB5E5BA-0F73-4C57-9E49-C4A96E3E1EC8}.Release|ARM.Build.0 = Release|Any CPU
		{FAB5E5BA-0F73-4C57-9E49-C4A96E3E1EC8}.Release|iPhone.ActiveCfg = Release|Any CPU
		{FAB5E5BA-0F73-4C57-9E49-C4A96E3E1EC8}.Release|iPhone.Build.0 = Release|Any CPU
		{FAB5E5BA-0F73-4C57-9E49-C4A96E3E1EC8}.Release|iPhoneSimulator.ActiveCfg = Release|Any CPU
		{FAB5E5BA-0F73-4C57-9E49-C4A96E3E1EC8}.Release|iPhoneSimulator.Build.0 = Release|Any CPU
		{FAB5E5BA-0F73-4C57-9E49-C4A96E3E1EC8}.Release|x86.ActiveCfg = Release|Any CPU
		{FAB5E5BA-0F73-4C57-9E49-C4A96E3E1EC8}.Release|x86.Build.0 = Release|Any CPU
		{348398AF-5F97-4B3E-9C3A-D8EA61320244}.Ad-Hoc|Any CPU.ActiveCfg = Release|Any CPU
		{348398AF-5F97-4B3E-9C3A-D8EA61320244}.Ad-Hoc|Any CPU.Build.0 = Release|Any CPU
		{348398AF-5F97-4B3E-9C3A-D8EA61320244}.Ad-Hoc|ARM.ActiveCfg = Release|Any CPU
		{348398AF-5F97-4B3E-9C3A-D8EA61320244}.Ad-Hoc|ARM.Build.0 = Release|Any CPU
		{348398AF-5F97-4B3E-9C3A-D8EA61320244}.Ad-Hoc|iPhone.ActiveCfg = Release|Any CPU
		{348398AF-5F97-4B3E-9C3A-D8EA61320244}.Ad-Hoc|iPhone.Build.0 = Release|Any CPU
		{348398AF-5F97-4B3E-9C3A-D8EA61320244}.Ad-Hoc|iPhoneSimulator.ActiveCfg = Release|Any CPU
		{348398AF-5F97-4B3E-9C3A-D8EA61320244}.Ad-Hoc|iPhoneSimulator.Build.0 = Release|Any CPU
		{348398AF-5F97-4B3E-9C3A-D8EA61320244}.Ad-Hoc|x86.ActiveCfg = Release|Any CPU
		{348398AF-5F97-4B3E-9C3A-D8EA61320244}.Ad-Hoc|x86.Build.0 = Release|Any CPU
		{348398AF-5F97-4B3E-9C3A-D8EA61320244}.AppStore|Any CPU.ActiveCfg = Release|Any CPU
		{348398AF-5F97-4B3E-9C3A-D8EA61320244}.AppStore|Any CPU.Build.0 = Release|Any CPU
		{348398AF-5F97-4B3E-9C3A-D8EA61320244}.AppStore|ARM.ActiveCfg = Release|Any CPU
		{348398AF-5F97-4B3E-9C3A-D8EA61320244}.AppStore|ARM.Build.0 = Release|Any CPU
		{348398AF-5F97-4B3E-9C3A-D8EA61320244}.AppStore|iPhone.ActiveCfg = Release|Any CPU
		{348398AF-5F97-4B3E-9C3A-D8EA61320244}.AppStore|iPhone.Build.0 = Release|Any CPU
		{348398AF-5F97-4B3E-9C3A-D8EA61320244}.AppStore|iPhoneSimulator.ActiveCfg = Release|Any CPU
		{348398AF-5F97-4B3E-9C3A-D8EA61320244}.AppStore|iPhoneSimulator.Build.0 = Release|Any CPU
		{348398AF-5F97-4B3E-9C3A-D8EA61320244}.AppStore|x86.ActiveCfg = Release|Any CPU
		{348398AF-5F97-4B3E-9C3A-D8EA61320244}.AppStore|x86.Build.0 = Release|Any CPU
		{348398AF-5F97-4B3E-9C3A-D8EA61320244}.Debug|Any CPU.ActiveCfg = Debug|Any CPU
		{348398AF-5F97-4B3E-9C3A-D8EA61320244}.Debug|Any CPU.Build.0 = Debug|Any CPU
		{348398AF-5F97-4B3E-9C3A-D8EA61320244}.Debug|ARM.ActiveCfg = Debug|Any CPU
		{348398AF-5F97-4B3E-9C3A-D8EA61320244}.Debug|ARM.Build.0 = Debug|Any CPU
		{348398AF-5F97-4B3E-9C3A-D8EA61320244}.Debug|iPhone.ActiveCfg = Debug|Any CPU
		{348398AF-5F97-4B3E-9C3A-D8EA61320244}.Debug|iPhone.Build.0 = Debug|Any CPU
		{348398AF-5F97-4B3E-9C3A-D8EA61320244}.Debug|iPhoneSimulator.ActiveCfg = Debug|Any CPU
		{348398AF-5F97-4B3E-9C3A-D8EA61320244}.Debug|iPhoneSimulator.Build.0 = Debug|Any CPU
		{348398AF-5F97-4B3E-9C3A-D8EA61320244}.Debug|x86.ActiveCfg = Debug|Any CPU
		{348398AF-5F97-4B3E-9C3A-D8EA61320244}.Debug|x86.Build.0 = Debug|Any CPU
		{348398AF-5F97-4B3E-9C3A-D8EA61320244}.Release|Any CPU.ActiveCfg = Release|Any CPU
		{348398AF-5F97-4B3E-9C3A-D8EA61320244}.Release|Any CPU.Build.0 = Release|Any CPU
		{348398AF-5F97-4B3E-9C3A-D8EA61320244}.Release|ARM.ActiveCfg = Release|Any CPU
		{348398AF-5F97-4B3E-9C3A-D8EA61320244}.Release|ARM.Build.0 = Release|Any CPU
		{348398AF-5F97-4B3E-9C3A-D8EA61320244}.Release|iPhone.ActiveCfg = Release|Any CPU
		{348398AF-5F97-4B3E-9C3A-D8EA61320244}.Release|iPhone.Build.0 = Release|Any CPU
		{348398AF-5F97-4B3E-9C3A-D8EA61320244}.Release|iPhoneSimulator.ActiveCfg = Release|Any CPU
		{348398AF-5F97-4B3E-9C3A-D8EA61320244}.Release|iPhoneSimulator.Build.0 = Release|Any CPU
		{348398AF-5F97-4B3E-9C3A-D8EA61320244}.Release|x86.ActiveCfg = Release|Any CPU
		{348398AF-5F97-4B3E-9C3A-D8EA61320244}.Release|x86.Build.0 = Release|Any CPU
		{EB85BF15-82A3-4220-9A81-073E130BC45C}.Ad-Hoc|Any CPU.ActiveCfg = Release|Any CPU
		{EB85BF15-82A3-4220-9A81-073E130BC45C}.Ad-Hoc|Any CPU.Build.0 = Release|Any CPU
		{EB85BF15-82A3-4220-9A81-073E130BC45C}.Ad-Hoc|ARM.ActiveCfg = Release|Any CPU
		{EB85BF15-82A3-4220-9A81-073E130BC45C}.Ad-Hoc|ARM.Build.0 = Release|Any CPU
		{EB85BF15-82A3-4220-9A81-073E130BC45C}.Ad-Hoc|iPhone.ActiveCfg = Release|Any CPU
		{EB85BF15-82A3-4220-9A81-073E130BC45C}.Ad-Hoc|iPhone.Build.0 = Release|Any CPU
		{EB85BF15-82A3-4220-9A81-073E130BC45C}.Ad-Hoc|iPhoneSimulator.ActiveCfg = Release|Any CPU
		{EB85BF15-82A3-4220-9A81-073E130BC45C}.Ad-Hoc|iPhoneSimulator.Build.0 = Release|Any CPU
		{EB85BF15-82A3-4220-9A81-073E130BC45C}.Ad-Hoc|x86.ActiveCfg = Release|Any CPU
		{EB85BF15-82A3-4220-9A81-073E130BC45C}.Ad-Hoc|x86.Build.0 = Release|Any CPU
		{EB85BF15-82A3-4220-9A81-073E130BC45C}.AppStore|Any CPU.ActiveCfg = Release|Any CPU
		{EB85BF15-82A3-4220-9A81-073E130BC45C}.AppStore|Any CPU.Build.0 = Release|Any CPU
		{EB85BF15-82A3-4220-9A81-073E130BC45C}.AppStore|ARM.ActiveCfg = Release|Any CPU
		{EB85BF15-82A3-4220-9A81-073E130BC45C}.AppStore|ARM.Build.0 = Release|Any CPU
		{EB85BF15-82A3-4220-9A81-073E130BC45C}.AppStore|iPhone.ActiveCfg = Release|Any CPU
		{EB85BF15-82A3-4220-9A81-073E130BC45C}.AppStore|iPhone.Build.0 = Release|Any CPU
		{EB85BF15-82A3-4220-9A81-073E130BC45C}.AppStore|iPhoneSimulator.ActiveCfg = Release|Any CPU
		{EB85BF15-82A3-4220-9A81-073E130BC45C}.AppStore|iPhoneSimulator.Build.0 = Release|Any CPU
		{EB85BF15-82A3-4220-9A81-073E130BC45C}.AppStore|x86.ActiveCfg = Release|Any CPU
		{EB85BF15-82A3-4220-9A81-073E130BC45C}.AppStore|x86.Build.0 = Release|Any CPU
		{EB85BF15-82A3-4220-9A81-073E130BC45C}.Debug|Any CPU.ActiveCfg = Debug|Any CPU
		{EB85BF15-82A3-4220-9A81-073E130BC45C}.Debug|Any CPU.Build.0 = Debug|Any CPU
		{EB85BF15-82A3-4220-9A81-073E130BC45C}.Debug|ARM.ActiveCfg = Debug|Any CPU
		{EB85BF15-82A3-4220-9A81-073E130BC45C}.Debug|ARM.Build.0 = Debug|Any CPU
		{EB85BF15-82A3-4220-9A81-073E130BC45C}.Debug|iPhone.ActiveCfg = Debug|Any CPU
		{EB85BF15-82A3-4220-9A81-073E130BC45C}.Debug|iPhone.Build.0 = Debug|Any CPU
		{EB85BF15-82A3-4220-9A81-073E130BC45C}.Debug|iPhoneSimulator.ActiveCfg = Debug|Any CPU
		{EB85BF15-82A3-4220-9A81-073E130BC45C}.Debug|iPhoneSimulator.Build.0 = Debug|Any CPU
		{EB85BF15-82A3-4220-9A81-073E130BC45C}.Debug|x86.ActiveCfg = Debug|Any CPU
		{EB85BF15-82A3-4220-9A81-073E130BC45C}.Debug|x86.Build.0 = Debug|Any CPU
		{EB85BF15-82A3-4220-9A81-073E130BC45C}.Release|Any CPU.ActiveCfg = Release|Any CPU
		{EB85BF15-82A3-4220-9A81-073E130BC45C}.Release|Any CPU.Build.0 = Release|Any CPU
		{EB85BF15-82A3-4220-9A81-073E130BC45C}.Release|ARM.ActiveCfg = Release|Any CPU
		{EB85BF15-82A3-4220-9A81-073E130BC45C}.Release|ARM.Build.0 = Release|Any CPU
		{EB85BF15-82A3-4220-9A81-073E130BC45C}.Release|iPhone.ActiveCfg = Release|Any CPU
		{EB85BF15-82A3-4220-9A81-073E130BC45C}.Release|iPhone.Build.0 = Release|Any CPU
		{EB85BF15-82A3-4220-9A81-073E130BC45C}.Release|iPhoneSimulator.ActiveCfg = Release|Any CPU
		{EB85BF15-82A3-4220-9A81-073E130BC45C}.Release|iPhoneSimulator.Build.0 = Release|Any CPU
		{EB85BF15-82A3-4220-9A81-073E130BC45C}.Release|x86.ActiveCfg = Release|Any CPU
		{EB85BF15-82A3-4220-9A81-073E130BC45C}.Release|x86.Build.0 = Release|Any CPU
		{8F25D7B2-6231-41C2-9364-E69BED93AAD4}.Ad-Hoc|Any CPU.ActiveCfg = Release|Any CPU
		{8F25D7B2-6231-41C2-9364-E69BED93AAD4}.Ad-Hoc|Any CPU.Build.0 = Release|Any CPU
		{8F25D7B2-6231-41C2-9364-E69BED93AAD4}.Ad-Hoc|ARM.ActiveCfg = Release|Any CPU
		{8F25D7B2-6231-41C2-9364-E69BED93AAD4}.Ad-Hoc|ARM.Build.0 = Release|Any CPU
		{8F25D7B2-6231-41C2-9364-E69BED93AAD4}.Ad-Hoc|iPhone.ActiveCfg = Release|Any CPU
		{8F25D7B2-6231-41C2-9364-E69BED93AAD4}.Ad-Hoc|iPhone.Build.0 = Release|Any CPU
		{8F25D7B2-6231-41C2-9364-E69BED93AAD4}.Ad-Hoc|iPhoneSimulator.ActiveCfg = Release|Any CPU
		{8F25D7B2-6231-41C2-9364-E69BED93AAD4}.Ad-Hoc|iPhoneSimulator.Build.0 = Release|Any CPU
		{8F25D7B2-6231-41C2-9364-E69BED93AAD4}.Ad-Hoc|x86.ActiveCfg = Release|Any CPU
		{8F25D7B2-6231-41C2-9364-E69BED93AAD4}.Ad-Hoc|x86.Build.0 = Release|Any CPU
		{8F25D7B2-6231-41C2-9364-E69BED93AAD4}.AppStore|Any CPU.ActiveCfg = Release|Any CPU
		{8F25D7B2-6231-41C2-9364-E69BED93AAD4}.AppStore|Any CPU.Build.0 = Release|Any CPU
		{8F25D7B2-6231-41C2-9364-E69BED93AAD4}.AppStore|ARM.ActiveCfg = Release|Any CPU
		{8F25D7B2-6231-41C2-9364-E69BED93AAD4}.AppStore|ARM.Build.0 = Release|Any CPU
		{8F25D7B2-6231-41C2-9364-E69BED93AAD4}.AppStore|iPhone.ActiveCfg = Release|Any CPU
		{8F25D7B2-6231-41C2-9364-E69BED93AAD4}.AppStore|iPhone.Build.0 = Release|Any CPU
		{8F25D7B2-6231-41C2-9364-E69BED93AAD4}.AppStore|iPhoneSimulator.ActiveCfg = Release|Any CPU
		{8F25D7B2-6231-41C2-9364-E69BED93AAD4}.AppStore|iPhoneSimulator.Build.0 = Release|Any CPU
		{8F25D7B2-6231-41C2-9364-E69BED93AAD4}.AppStore|x86.ActiveCfg = Release|Any CPU
		{8F25D7B2-6231-41C2-9364-E69BED93AAD4}.AppStore|x86.Build.0 = Release|Any CPU
		{8F25D7B2-6231-41C2-9364-E69BED93AAD4}.Debug|Any CPU.ActiveCfg = Debug|Any CPU
		{8F25D7B2-6231-41C2-9364-E69BED93AAD4}.Debug|Any CPU.Build.0 = Debug|Any CPU
		{8F25D7B2-6231-41C2-9364-E69BED93AAD4}.Debug|ARM.ActiveCfg = Debug|Any CPU
		{8F25D7B2-6231-41C2-9364-E69BED93AAD4}.Debug|ARM.Build.0 = Debug|Any CPU
		{8F25D7B2-6231-41C2-9364-E69BED93AAD4}.Debug|iPhone.ActiveCfg = Debug|Any CPU
		{8F25D7B2-6231-41C2-9364-E69BED93AAD4}.Debug|iPhone.Build.0 = Debug|Any CPU
		{8F25D7B2-6231-41C2-9364-E69BED93AAD4}.Debug|iPhoneSimulator.ActiveCfg = Debug|Any CPU
		{8F25D7B2-6231-41C2-9364-E69BED93AAD4}.Debug|iPhoneSimulator.Build.0 = Debug|Any CPU
		{8F25D7B2-6231-41C2-9364-E69BED93AAD4}.Debug|x86.ActiveCfg = Debug|Any CPU
		{8F25D7B2-6231-41C2-9364-E69BED93AAD4}.Debug|x86.Build.0 = Debug|Any CPU
		{8F25D7B2-6231-41C2-9364-E69BED93AAD4}.Release|Any CPU.ActiveCfg = Release|Any CPU
		{8F25D7B2-6231-41C2-9364-E69BED93AAD4}.Release|Any CPU.Build.0 = Release|Any CPU
		{8F25D7B2-6231-41C2-9364-E69BED93AAD4}.Release|ARM.ActiveCfg = Release|Any CPU
		{8F25D7B2-6231-41C2-9364-E69BED93AAD4}.Release|ARM.Build.0 = Release|Any CPU
		{8F25D7B2-6231-41C2-9364-E69BED93AAD4}.Release|iPhone.ActiveCfg = Release|Any CPU
		{8F25D7B2-6231-41C2-9364-E69BED93AAD4}.Release|iPhone.Build.0 = Release|Any CPU
		{8F25D7B2-6231-41C2-9364-E69BED93AAD4}.Release|iPhoneSimulator.ActiveCfg = Release|Any CPU
		{8F25D7B2-6231-41C2-9364-E69BED93AAD4}.Release|iPhoneSimulator.Build.0 = Release|Any CPU
		{8F25D7B2-6231-41C2-9364-E69BED93AAD4}.Release|x86.ActiveCfg = Release|Any CPU
		{8F25D7B2-6231-41C2-9364-E69BED93AAD4}.Release|x86.Build.0 = Release|Any CPU
	EndGlobalSection
	GlobalSection(SolutionProperties) = preSolution
		HideSolutionNode = FALSE
	EndGlobalSection
EndGlobal
